
Microsoft Visual Studio Solution File, Format Version 12.00
# Visual Studio Version 16
VisualStudioVersion = 16.0.29215.179
MinimumVisualStudioVersion = 10.0.40219.1
Project("{FAE04EC0-301F-11D3-BF4B-00C04F79EFBC}") = "Ladies_accessories", "Ladies_accessories\Ladies_accessories.csproj", "{F9486D15-F041-4202-B003-D21AB18DF391}"
EndProject
Global
	GlobalSection(SolutionConfigurationPlatforms) = preSolution
		Debug|Any CPU = Debug|Any CPU
		Release|Any CPU = Release|Any CPU
	EndGlobalSection
	GlobalSection(ProjectConfigurationPlatforms) = postSolution
		{F9486D15-F041-4202-B003-D21AB18DF391}.Debug|Any CPU.ActiveCfg = Debug|Any CPU
		{F9486D15-F041-4202-B003-D21AB18DF391}.Debug|Any CPU.Build.0 = Debug|Any CPU
		{F9486D15-F041-4202-B003-D21AB18DF391}.Release|Any CPU.ActiveCfg = Release|Any CPU
		{F9486D15-F041-4202-B003-D21AB18DF391}.Release|Any CPU.Build.0 = Release|Any CPU
	EndGlobalSection
	GlobalSection(SolutionProperties) = preSolution
		HideSolutionNode = FALSE
	EndGlobalSection
	GlobalSection(ExtensibilityGlobals) = postSolution
		SolutionGuid = {5201E685-2695-44B1-9BAD-003928AEEBAA}
	EndGlobalSection
EndGlobal
